Microsoft Visual Studio Solution File, Format Version 11.00
# Visual Studio 2008

Project("{A15E71E1-405A-2912-89F4-2BBF7A3A5602}") = "Avoid Haze", "Assembly-CSharp.csproj", "{378DE45A-2EC5-7FD1-3491-473D93A5731D}"
EndProject
Global
	GlobalSection(SolutionConfigurationPlatforms) = preSolution
		Debug|Any CPU = Debug|Any CPU
		Release|Any CPU = Release|Any CPU
	EndGlobalSection
	GlobalSection(ProjectConfigurationPlatforms) = postSolution
		{378DE45A-2EC5-7FD1-3491-473D93A5731D}.Debug|Any CPU.ActiveCfg = Debug|Any CPU
		{378DE45A-2EC5-7FD1-3491-473D93A5731D}.Debug|Any CPU.Build.0 = Debug|Any CPU
		{378DE45A-2EC5-7FD1-3491-473D93A5731D}.Release|Any CPU.ActiveCfg = Release|Any CPU
		{378DE45A-2EC5-7FD1-3491-473D93A5731D}.Release|Any CPU.Build.0 = Release|Any CPU
	EndGlobalSection
	GlobalSection(SolutionProperties) = preSolution
		HideSolutionNode = FALSE
	EndGlobalSection
	GlobalSection(MonoDevelopProperties) = preSolution
		StartupItem = Assembly-CSharp.csproj
	EndGlobalSection
EndGlobal
